
Microsoft Visual Studio Solution File, Format Version 12.00
# Visual Studio 2013
VisualStudioVersion = 12.0.21005.1
MinimumVisualStudioVersion = 10.0.40219.1
Project("{FAE04EC0-301F-11D3-BF4B-00C04F79EFBC}") = "OTOMTests", "OTOMTests\OTOMTests.csproj", "{FE2E3B3A-44DA-4E0F-BBD1-4D40BDC03D16}"
EndProject
Project("{FAE04EC0-301F-11D3-BF4B-00C04F79EFBC}") = "OTOMTests.Tests", "OTOMTests.Tests\OTOMTests.Tests.csproj", "{AC63826A-3B8B-454A-8F79-E78E0B3335C8}"
EndProject
Global
	GlobalSection(SolutionConfigurationPlatforms) = preSolution
		Debug|Any CPU = Debug|Any CPU
		Release|Any CPU = Release|Any CPU
	EndGlobalSection
	GlobalSection(ProjectConfigurationPlatforms) = postSolution
		{FE2E3B3A-44DA-4E0F-BBD1-4D40BDC03D16}.Debug|Any CPU.ActiveCfg = Debug|Any CPU
		{FE2E3B3A-44DA-4E0F-BBD1-4D40BDC03D16}.Debug|Any CPU.Build.0 = Debug|Any CPU
		{FE2E3B3A-44DA-4E0F-BBD1-4D40BDC03D16}.Release|Any CPU.ActiveCfg = Release|Any CPU
		{FE2E3B3A-44DA-4E0F-BBD1-4D40BDC03D16}.Release|Any CPU.Build.0 = Release|Any CPU
		{AC63826A-3B8B-454A-8F79-E78E0B3335C8}.Debug|Any CPU.ActiveCfg = Debug|Any CPU
		{AC63826A-3B8B-454A-8F79-E78E0B3335C8}.Debug|Any CPU.Build.0 = Debug|Any CPU
		{AC63826A-3B8B-454A-8F79-E78E0B3335C8}.Release|Any CPU.ActiveCfg = Release|Any CPU
		{AC63826A-3B8B-454A-8F79-E78E0B3335C8}.Release|Any CPU.Build.0 = Release|Any CPU
	EndGlobalSection
	GlobalSection(SolutionProperties) = preSolution
		HideSolutionNode = FALSE
	EndGlobalSection
EndGlobal
